{
  "name": "controls-dat-json",
  "version": "0.1.0",
  "lockfileVersion": 1,
  "requires": true,
  "dependencies": {
    "@yo1dog/cerror": {
      "version": "1.0.0",
      "resolved": "https://registry.npmjs.org/@yo1dog/cerror/-/cerror-1.0.0.tgz",
      "integrity": "sha512-XrHl7tzloR5AFK/CToKzJXAnzyBgBfzoCbUfHqUDLCjEWzGsAE/kvp3+8sYjLLxcR/ademqwP9bTsFoDCg2i4w==",
      "requires": {
        "@yo1dog/extendable-error": "^1.0.0"
      }
    },
    "@yo1dog/extendable-error": {
      "version": "1.0.0",
      "resolved": "https://registry.npmjs.org/@yo1dog/extendable-error/-/extendable-error-1.0.0.tgz",
      "integrity": "sha512-RcD0Ek46M4J0RD0lHk/ya8xUVuCrb1KOlF8lXDJaVMMAwyUHVQupSVOH/VKGEpAfNBCU6gYobEPYgFB+agpOjQ=="
    },
    "clone": {
      "version": "1.0.2",
      "resolved": "https://registry.npmjs.org/clone/-/clone-1.0.2.tgz",
      "integrity": "sha1-Jgt6meux7f4kdTgXX3gyQ8sZ0Uk="
    },
    "jsonschema": {
      "version": "1.1.0",
      "resolved": "https://registry.npmjs.org/jsonschema/-/jsonschema-1.1.0.tgz",
      "integrity": "sha1-A5zCGe1SSwbnHa8SymDQJjn68po="
    },
    "xmldoc": {
      "version": "0.4.0",
      "resolved": "https://registry.npmjs.org/xmldoc/-/xmldoc-0.4.0.tgz",
      "integrity": "sha1-0lciS+g5PqrL+DfvIn/Y7CWzaIg=",
      "requires": {
        "sax": "~1.1.1"
      },
      "dependencies": {
        "sax": {
          "version": "1.1.6",
          "resolved": "https://registry.npmjs.org/sax/-/sax-1.1.6.tgz",
          "integrity": "sha1-XWFr6KXmB9VOEUr65Vt+ry/MMkA="
        }
      }
    }
  }
}
